
Microsoft Visual Studio Solution File, Format Version 12.00
# Visual Studio Version 17
VisualStudioVersion = 17.11.35303.130
MinimumVisualStudioVersion = 10.0.40219.1
Project("{FAE04EC0-301F-11D3-BF4B-00C04F79EFBC}") = "AppointmentSystem.WPF", "AppointmentSystem.WPF\AppointmentSystem.WPF.csproj", "{558BD3D9-6D13-47D7-B698-71C70F1533B6}"
EndProject
Project("{2150E333-8FDC-42A3-9474-1A3956D46DE8}") = "src", "src", "{02EA681E-C7D8-13C7-8484-4AC65E1B71E8}"
EndProject
Project("{2150E333-8FDC-42A3-9474-1A3956D46DE8}") = "Domain", "Domain", "{790FE11A-631B-49BC-9A19-F8B6CBC71069}"
EndProject
Project("{2150E333-8FDC-42A3-9474-1A3956D46DE8}") = "Application", "Application", "{954169CD-C006-4256-B328-B284AB45971A}"
EndProject
Project("{2150E333-8FDC-42A3-9474-1A3956D46DE8}") = "Infrastructure", "Infrastructure", "{2D555609-7013-468B-AEFE-D18F0AE49B5E}"
EndProject
Project("{2150E333-8FDC-42A3-9474-1A3956D46DE8}") = "API", "API", "{8B4428A8-C325-443D-A512-515350140ADB}"
EndProject
Project("{FAE04EC0-301F-11D3-BF4B-00C04F79EFBC}") = "AppointmentSystem.Domain", "AppointmentSystem.Domain\AppointmentSystem.Domain.csproj", "{EB916D19-C184-4C2E-8DAD-23995C8A2E71}"
EndProject
Project("{FAE04EC0-301F-11D3-BF4B-00C04F79EFBC}") = "AppointmentSystem.Application", "AppointmentSystem.Application\AppointmentSystem.Application.csproj", "{0D66884D-9981-4B66-9EAF-3A1FD5836B5A}"
EndProject
Project("{FAE04EC0-301F-11D3-BF4B-00C04F79EFBC}") = "AppointmentSystem.Infrastructure", "AppointmentSystem.Infrastructure\AppointmentSystem.Infrastructure.csproj", "{6EDB4624-7ACA-4C44-9E51-91836E6DC278}"
EndProject
Project("{FAE04EC0-301F-11D3-BF4B-00C04F79EFBC}") = "AppointmentSystem.API", "AppointmentSystem.API\AppointmentSystem.API.csproj", "{AE2D4917-545E-4696-8F56-481BD5050945}"
EndProject
Global
	GlobalSection(SolutionConfigurationPlatforms) = preSolution
		Debug|Any CPU = Debug|Any CPU
		Release|Any CPU = Release|Any CPU
	EndGlobalSection
	GlobalSection(ProjectConfigurationPlatforms) = postSolution
		{558BD3D9-6D13-47D7-B698-71C70F1533B6}.Debug|Any CPU.ActiveCfg = Debug|Any CPU
		{558BD3D9-6D13-47D7-B698-71C70F1533B6}.Debug|Any CPU.Build.0 = Debug|Any CPU
		{558BD3D9-6D13-47D7-B698-71C70F1533B6}.Release|Any CPU.ActiveCfg = Release|Any CPU
		{558BD3D9-6D13-47D7-B698-71C70F1533B6}.Release|Any CPU.Build.0 = Release|Any CPU
		{EB916D19-C184-4C2E-8DAD-23995C8A2E71}.Debug|Any CPU.ActiveCfg = Debug|Any CPU
		{EB916D19-C184-4C2E-8DAD-23995C8A2E71}.Debug|Any CPU.Build.0 = Debug|Any CPU
		{EB916D19-C184-4C2E-8DAD-23995C8A2E71}.Release|Any CPU.ActiveCfg = Release|Any CPU
		{EB916D19-C184-4C2E-8DAD-23995C8A2E71}.Release|Any CPU.Build.0 = Release|Any CPU
		{0D66884D-9981-4B66-9EAF-3A1FD5836B5A}.Debug|Any CPU.ActiveCfg = Debug|Any CPU
		{0D66884D-9981-4B66-9EAF-3A1FD5836B5A}.Debug|Any CPU.Build.0 = Debug|Any CPU
		{0D66884D-9981-4B66-9EAF-3A1FD5836B5A}.Release|Any CPU.ActiveCfg = Release|Any CPU
		{0D66884D-9981-4B66-9EAF-3A1FD5836B5A}.Release|Any CPU.Build.0 = Release|Any CPU
		{6EDB4624-7ACA-4C44-9E51-91836E6DC278}.Debug|Any CPU.ActiveCfg = Debug|Any CPU
		{6EDB4624-7ACA-4C44-9E51-91836E6DC278}.Debug|Any CPU.Build.0 = Debug|Any CPU
		{6EDB4624-7ACA-4C44-9E51-91836E6DC278}.Release|Any CPU.ActiveCfg = Release|Any CPU
		{6EDB4624-7ACA-4C44-9E51-91836E6DC278}.Release|Any CPU.Build.0 = Release|Any CPU
		{AE2D4917-545E-4696-8F56-481BD5050945}.Debug|Any CPU.ActiveCfg = Debug|Any CPU
		{AE2D4917-545E-4696-8F56-481BD5050945}.Debug|Any CPU.Build.0 = Debug|Any CPU
		{AE2D4917-545E-4696-8F56-481BD5050945}.Release|Any CPU.ActiveCfg = Release|Any CPU
		{AE2D4917-545E-4696-8F56-481BD5050945}.Release|Any CPU.Build.0 = Release|Any CPU
	EndGlobalSection
	GlobalSection(SolutionProperties) = preSolution
		HideSolutionNode = FALSE
	EndGlobalSection
	GlobalSection(NestedProjects) = preSolution
		{790FE11A-631B-49BC-9A19-F8B6CBC71069} = {02EA681E-C7D8-13C7-8484-4AC65E1B71E8}
		{954169CD-C006-4256-B328-B284AB45971A} = {02EA681E-C7D8-13C7-8484-4AC65E1B71E8}
		{2D555609-7013-468B-AEFE-D18F0AE49B5E} = {02EA681E-C7D8-13C7-8484-4AC65E1B71E8}
		{8B4428A8-C325-443D-A512-515350140ADB} = {02EA681E-C7D8-13C7-8484-4AC65E1B71E8}
		{EB916D19-C184-4C2E-8DAD-23995C8A2E71} = {790FE11A-631B-49BC-9A19-F8B6CBC71069}
		{0D66884D-9981-4B66-9EAF-3A1FD5836B5A} = {954169CD-C006-4256-B328-B284AB45971A}
		{6EDB4624-7ACA-4C44-9E51-91836E6DC278} = {2D555609-7013-468B-AEFE-D18F0AE49B5E}
		{AE2D4917-545E-4696-8F56-481BD5050945} = {8B4428A8-C325-443D-A512-515350140ADB}
	EndGlobalSection
	GlobalSection(ExtensibilityGlobals) = postSolution
		SolutionGuid = {6640C133-6808-410A-B19D-E8D647550A55}
	EndGlobalSection
EndGlobal
